
Microsoft Visual Studio Solution File, Format Version 12.00
# Visual Studio Version 17
VisualStudioVersion = 17.2.32519.379
MinimumVisualStudioVersion = 10.0.40219.1
Project("{FAE04EC0-301F-11D3-BF4B-00C04F79EFBC}") = "Day number 1", "Day number 1\Day number 1.csproj", "{CA42616D-3583-4B36-96BD-7D55AD5EE68D}"
EndProject
Global
	GlobalSection(SolutionConfigurationPlatforms) = preSolution
		Debug|Any CPU = Debug|Any CPU
		Release|Any CPU = Release|Any CPU
	EndGlobalSection
	GlobalSection(ProjectConfigurationPlatforms) = postSolution
		{CA42616D-3583-4B36-96BD-7D55AD5EE68D}.Debug|Any CPU.ActiveCfg = Debug|Any CPU
		{CA42616D-3583-4B36-96BD-7D55AD5EE68D}.Debug|Any CPU.Build.0 = Debug|Any CPU
		{CA42616D-3583-4B36-96BD-7D55AD5EE68D}.Release|Any CPU.ActiveCfg = Release|Any CPU
		{CA42616D-3583-4B36-96BD-7D55AD5EE68D}.Release|Any CPU.Build.0 = Release|Any CPU
	EndGlobalSection
	GlobalSection(SolutionProperties) = preSolution
		HideSolutionNode = FALSE
	EndGlobalSection
	GlobalSection(ExtensibilityGlobals) = postSolution
		SolutionGuid = {5A4B9479-2038-4B85-825D-0C396CC9DC5A}
	EndGlobalSection
EndGlobal
